
Microsoft Visual Studio Solution File, Format Version 12.00
# Visual Studio Version 16
VisualStudioVersion = 16.0.29709.97
MinimumVisualStudioVersion = 10.0.40219.1
Project("{FAE04EC0-301F-11D3-BF4B-00C04F79EFBC}") = "App1", "App1\App1.csproj", "{CEEED0F0-6D90-4DB9-BF29-1B33C481D9CD}"
EndProject
Global
	GlobalSection(SolutionConfigurationPlatforms) = preSolution
		Debug|Any CPU = Debug|Any CPU
		Release|Any CPU = Release|Any CPU
	EndGlobalSection
	GlobalSection(ProjectConfigurationPlatforms) = postSolution
		{CEEED0F0-6D90-4DB9-BF29-1B33C481D9CD}.Debug|Any CPU.ActiveCfg = Debug|Any CPU
		{CEEED0F0-6D90-4DB9-BF29-1B33C481D9CD}.Debug|Any CPU.Build.0 = Debug|Any CPU
		{CEEED0F0-6D90-4DB9-BF29-1B33C481D9CD}.Release|Any CPU.ActiveCfg = Release|Any CPU
		{CEEED0F0-6D90-4DB9-BF29-1B33C481D9CD}.Release|Any CPU.Build.0 = Release|Any CPU
	EndGlobalSection
	GlobalSection(SolutionProperties) = preSolution
		HideSolutionNode = FALSE
	EndGlobalSection
	GlobalSection(ExtensibilityGlobals) = postSolution
		SolutionGuid = {9707ADBE-C992-43FF-832F-2BAD13F584F2}
	EndGlobalSection
EndGlobal
